
Microsoft Visual Studio Solution File, Format Version 12.00
# Visual Studio Version 17
VisualStudioVersion = 17.0.31903.59
MinimumVisualStudioVersion = 10.0.40219.1
Project("{2150E333-8FDC-42A3-9474-1A3956D46DE8}") = "src", "src", "{827E0CD3-B72D-47B6-A68D-7590B98EB39B}"
EndProject
Project("{FAE04EC0-301F-11D3-BF4B-00C04F79EFBC}") = "AuctionService", "src\AuctionService\AuctionService.csproj", "{35DB0AD1-B821-4BD3-A4EF-F0B1748E7B45}"
EndProject
Project("{2150E333-8FDC-42A3-9474-1A3956D46DE8}") = "Solution Items", "Solution Items", "{8EC462FD-D22E-90A8-E5CE-7E832BA40C5D}"
	ProjectSection(SolutionItems) = preProject
		.editorconfig = .editorconfig
		docker-compose.yml = docker-compose.yml
	EndProjectSection
EndProject
Project("{FAE04EC0-301F-11D3-BF4B-00C04F79EFBC}") = "SearchService", "src\SearchService\SearchService.csproj", "{BAA7661A-1E2E-4001-AE4E-7D1E15EB55E1}"
EndProject
Project("{FAE04EC0-301F-11D3-BF4B-00C04F79EFBC}") = "Contracts", "src\Contracts\Contracts.csproj", "{DF1894D8-C09F-482A-A315-D67B54BF6C7F}"
EndProject
Global
	GlobalSection(SolutionConfigurationPlatforms) = preSolution
		Debug|Any CPU = Debug|Any CPU
		Debug|x64 = Debug|x64
		Debug|x86 = Debug|x86
		Release|Any CPU = Release|Any CPU
		Release|x64 = Release|x64
		Release|x86 = Release|x86
	EndGlobalSection
	GlobalSection(ProjectConfigurationPlatforms) = postSolution
		{35DB0AD1-B821-4BD3-A4EF-F0B1748E7B45}.Debug|Any CPU.ActiveCfg = Debug|Any CPU
		{35DB0AD1-B821-4BD3-A4EF-F0B1748E7B45}.Debug|Any CPU.Build.0 = Debug|Any CPU
		{35DB0AD1-B821-4BD3-A4EF-F0B1748E7B45}.Debug|x64.ActiveCfg = Debug|Any CPU
		{35DB0AD1-B821-4BD3-A4EF-F0B1748E7B45}.Debug|x64.Build.0 = Debug|Any CPU
		{35DB0AD1-B821-4BD3-A4EF-F0B1748E7B45}.Debug|x86.ActiveCfg = Debug|Any CPU
		{35DB0AD1-B821-4BD3-A4EF-F0B1748E7B45}.Debug|x86.Build.0 = Debug|Any CPU
		{35DB0AD1-B821-4BD3-A4EF-F0B1748E7B45}.Release|Any CPU.ActiveCfg = Release|Any CPU
		{35DB0AD1-B821-4BD3-A4EF-F0B1748E7B45}.Release|Any CPU.Build.0 = Release|Any CPU
		{35DB0AD1-B821-4BD3-A4EF-F0B1748E7B45}.Release|x64.ActiveCfg = Release|Any CPU
		{35DB0AD1-B821-4BD3-A4EF-F0B1748E7B45}.Release|x64.Build.0 = Release|Any CPU
		{35DB0AD1-B821-4BD3-A4EF-F0B1748E7B45}.Release|x86.ActiveCfg = Release|Any CPU
		{35DB0AD1-B821-4BD3-A4EF-F0B1748E7B45}.Release|x86.Build.0 = Release|Any CPU
		{BAA7661A-1E2E-4001-AE4E-7D1E15EB55E1}.Debug|Any CPU.ActiveCfg = Debug|Any CPU
		{BAA7661A-1E2E-4001-AE4E-7D1E15EB55E1}.Debug|Any CPU.Build.0 = Debug|Any CPU
		{BAA7661A-1E2E-4001-AE4E-7D1E15EB55E1}.Debug|x64.ActiveCfg = Debug|Any CPU
		{BAA7661A-1E2E-4001-AE4E-7D1E15EB55E1}.Debug|x64.Build.0 = Debug|Any CPU
		{BAA7661A-1E2E-4001-AE4E-7D1E15EB55E1}.Debug|x86.ActiveCfg = Debug|Any CPU
		{BAA7661A-1E2E-4001-AE4E-7D1E15EB55E1}.Debug|x86.Build.0 = Debug|Any CPU
		{BAA7661A-1E2E-4001-AE4E-7D1E15EB55E1}.Release|Any CPU.ActiveCfg = Release|Any CPU
		{BAA7661A-1E2E-4001-AE4E-7D1E15EB55E1}.Release|Any CPU.Build.0 = Release|Any CPU
		{BAA7661A-1E2E-4001-AE4E-7D1E15EB55E1}.Release|x64.ActiveCfg = Release|Any CPU
		{BAA7661A-1E2E-4001-AE4E-7D1E15EB55E1}.Release|x64.Build.0 = Release|Any CPU
		{BAA7661A-1E2E-4001-AE4E-7D1E15EB55E1}.Release|x86.ActiveCfg = Release|Any CPU
		{BAA7661A-1E2E-4001-AE4E-7D1E15EB55E1}.Release|x86.Build.0 = Release|Any CPU
		{DF1894D8-C09F-482A-A315-D67B54BF6C7F}.Debug|Any CPU.ActiveCfg = Debug|Any CPU
		{DF1894D8-C09F-482A-A315-D67B54BF6C7F}.Debug|Any CPU.Build.0 = Debug|Any CPU
		{DF1894D8-C09F-482A-A315-D67B54BF6C7F}.Debug|x64.ActiveCfg = Debug|Any CPU
		{DF1894D8-C09F-482A-A315-D67B54BF6C7F}.Debug|x64.Build.0 = Debug|Any CPU
		{DF1894D8-C09F-482A-A315-D67B54BF6C7F}.Debug|x86.ActiveCfg = Debug|Any CPU
		{DF1894D8-C09F-482A-A315-D67B54BF6C7F}.Debug|x86.Build.0 = Debug|Any CPU
		{DF1894D8-C09F-482A-A315-D67B54BF6C7F}.Release|Any CPU.ActiveCfg = Release|Any CPU
		{DF1894D8-C09F-482A-A315-D67B54BF6C7F}.Release|Any CPU.Build.0 = Release|Any CPU
		{DF1894D8-C09F-482A-A315-D67B54BF6C7F}.Release|x64.ActiveCfg = Release|Any CPU
		{DF1894D8-C09F-482A-A315-D67B54BF6C7F}.Release|x64.Build.0 = Release|Any CPU
		{DF1894D8-C09F-482A-A315-D67B54BF6C7F}.Release|x86.ActiveCfg = Release|Any CPU
		{DF1894D8-C09F-482A-A315-D67B54BF6C7F}.Release|x86.Build.0 = Release|Any CPU
	EndGlobalSection
	GlobalSection(SolutionProperties) = preSolution
		HideSolutionNode = FALSE
	EndGlobalSection
	GlobalSection(NestedProjects) = preSolution
		{35DB0AD1-B821-4BD3-A4EF-F0B1748E7B45} = {827E0CD3-B72D-47B6-A68D-7590B98EB39B}
		{BAA7661A-1E2E-4001-AE4E-7D1E15EB55E1} = {827E0CD3-B72D-47B6-A68D-7590B98EB39B}
		{DF1894D8-C09F-482A-A315-D67B54BF6C7F} = {827E0CD3-B72D-47B6-A68D-7590B98EB39B}
	EndGlobalSection
	GlobalSection(ExtensibilityGlobals) = postSolution
		SolutionGuid = {BE435A33-D7CB-4E63-BA02-0C90C837D30D}
	EndGlobalSection
EndGlobal
